
Microsoft Visual Studio Solution File, Format Version 12.00
# Visual Studio 2013
VisualStudioVersion = 12.0.31101.0
MinimumVisualStudioVersion = 10.0.40219.1
Project("{FAE04EC0-301F-11D3-BF4B-00C04F79EFBC}") = "Knuddels", "Knuddels.csproj", "{FF19C09F-ED24-4F75-B85C-9613995D99B8}"
EndProject
Global
	GlobalSection(SolutionConfigurationPlatforms) = preSolution
		Debug|Any CPU = Debug|Any CPU
		Release|Any CPU = Release|Any CPU
	EndGlobalSection
	GlobalSection(ProjectConfigurationPlatforms) = postSolution
		{FF19C09F-ED24-4F75-B85C-9613995D99B8}.Debug|Any CPU.ActiveCfg = Debug|Any CPU
		{FF19C09F-ED24-4F75-B85C-9613995D99B8}.Debug|Any CPU.Build.0 = Debug|Any CPU
		{FF19C09F-ED24-4F75-B85C-9613995D99B8}.Release|Any CPU.ActiveCfg = Release|Any CPU
		{FF19C09F-ED24-4F75-B85C-9613995D99B8}.Release|Any CPU.Build.0 = Release|Any CPU
	EndGlobalSection
	GlobalSection(SolutionProperties) = preSolution
		HideSolutionNode = FALSE
	EndGlobalSection
EndGlobal
